
Microsoft Visual Studio Solution File, Format Version 12.00
# Visual Studio Version 17
VisualStudioVersion = 17.5.002.0
MinimumVisualStudioVersion = 10.0.40219.1
Project("{9A19103F-16F7-4668-BE54-9A1E7A4F7556}") = "sampleApp", "sampleApp.csproj", "{319B5E30-D0E3-4F7A-ABDE-31F638368010}"
EndProject
Global
	GlobalSection(SolutionConfigurationPlatforms) = preSolution
		Debug|Any CPU = Debug|Any CPU
		Release|Any CPU = Release|Any CPU
	EndGlobalSection
	GlobalSection(ProjectConfigurationPlatforms) = postSolution
		{319B5E30-D0E3-4F7A-ABDE-31F638368010}.Debug|Any CPU.ActiveCfg = Debug|Any CPU
		{319B5E30-D0E3-4F7A-ABDE-31F638368010}.Debug|Any CPU.Build.0 = Debug|Any CPU
		{319B5E30-D0E3-4F7A-ABDE-31F638368010}.Release|Any CPU.ActiveCfg = Release|Any CPU
		{319B5E30-D0E3-4F7A-ABDE-31F638368010}.Release|Any CPU.Build.0 = Release|Any CPU
	EndGlobalSection
	GlobalSection(SolutionProperties) = preSolution
		HideSolutionNode = FALSE
	EndGlobalSection
	GlobalSection(ExtensibilityGlobals) = postSolution
		SolutionGuid = {4CF579BC-5C3D-4642-A889-65B7D6CC9359}
	EndGlobalSection
EndGlobal
